
Microsoft Visual Studio Solution File, Format Version 12.00
# Visual Studio 15
VisualStudioVersion = 15.0.28307.1267
MinimumVisualStudioVersion = 10.0.40219.1
Project("{8BC9CEB8-8B4A-11D0-8D11-00A0C91BC942}") = "SearchKeyWord", "SearchKeyWord\SearchKeyWord.vcxproj", "{7B3220ED-276C-4689-A2BD-FD89D51CD36C}"
EndProject
Project("{8BC9CEB8-8B4A-11D0-8D11-00A0C91BC942}") = "libSearchKeyWord", "libSearchKeyWord\libSearchKeyWord.vcxproj", "{CB3B3806-DBA9-4F83-BD4F-70CE436C74D6}"
EndProject
Project("{8BC9CEB8-8B4A-11D0-8D11-00A0C91BC942}") = "Test", "Test\Test.vcxproj", "{1B133AD4-87B9-470F-A739-14E4D70D2FAF}"
EndProject
Global
	GlobalSection(SolutionConfigurationPlatforms) = preSolution
		Debug|x64 = Debug|x64
		Debug|x86 = Debug|x86
		Release|x64 = Release|x64
		Release|x86 = Release|x86
	EndGlobalSection
	GlobalSection(ProjectConfigurationPlatforms) = postSolution
		{7B3220ED-276C-4689-A2BD-FD89D51CD36C}.Debug|x64.ActiveCfg = Debug|x64
		{7B3220ED-276C-4689-A2BD-FD89D51CD36C}.Debug|x64.Build.0 = Debug|x64
		{7B3220ED-276C-4689-A2BD-FD89D51CD36C}.Debug|x86.ActiveCfg = Debug|Win32
		{7B3220ED-276C-4689-A2BD-FD89D51CD36C}.Debug|x86.Build.0 = Debug|Win32
		{7B3220ED-276C-4689-A2BD-FD89D51CD36C}.Release|x64.ActiveCfg = Release|x64
		{7B3220ED-276C-4689-A2BD-FD89D51CD36C}.Release|x64.Build.0 = Release|x64
		{7B3220ED-276C-4689-A2BD-FD89D51CD36C}.Release|x86.ActiveCfg = Release|Win32
		{7B3220ED-276C-4689-A2BD-FD89D51CD36C}.Release|x86.Build.0 = Release|Win32
		{CB3B3806-DBA9-4F83-BD4F-70CE436C74D6}.Debug|x64.ActiveCfg = Debug|x64
		{CB3B3806-DBA9-4F83-BD4F-70CE436C74D6}.Debug|x64.Build.0 = Debug|x64
		{CB3B3806-DBA9-4F83-BD4F-70CE436C74D6}.Debug|x86.ActiveCfg = Debug|Win32
		{CB3B3806-DBA9-4F83-BD4F-70CE436C74D6}.Debug|x86.Build.0 = Debug|Win32
		{CB3B3806-DBA9-4F83-BD4F-70CE436C74D6}.Release|x64.ActiveCfg = Release|x64
		{CB3B3806-DBA9-4F83-BD4F-70CE436C74D6}.Release|x64.Build.0 = Release|x64
		{CB3B3806-DBA9-4F83-BD4F-70CE436C74D6}.Release|x86.ActiveCfg = Release|Win32
		{CB3B3806-DBA9-4F83-BD4F-70CE436C74D6}.Release|x86.Build.0 = Release|Win32
		{1B133AD4-87B9-470F-A739-14E4D70D2FAF}.Debug|x64.ActiveCfg = Debug|x64
		{1B133AD4-87B9-470F-A739-14E4D70D2FAF}.Debug|x64.Build.0 = Debug|x64
		{1B133AD4-87B9-470F-A739-14E4D70D2FAF}.Debug|x86.ActiveCfg = Debug|Win32
		{1B133AD4-87B9-470F-A739-14E4D70D2FAF}.Debug|x86.Build.0 = Debug|Win32
		{1B133AD4-87B9-470F-A739-14E4D70D2FAF}.Release|x64.ActiveCfg = Release|x64
		{1B133AD4-87B9-470F-A739-14E4D70D2FAF}.Release|x64.Build.0 = Release|x64
		{1B133AD4-87B9-470F-A739-14E4D70D2FAF}.Release|x86.ActiveCfg = Release|Win32
		{1B133AD4-87B9-470F-A739-14E4D70D2FAF}.Release|x86.Build.0 = Release|Win32
	EndGlobalSection
	GlobalSection(SolutionProperties) = preSolution
		HideSolutionNode = FALSE
	EndGlobalSection
	GlobalSection(ExtensibilityGlobals) = postSolution
		SolutionGuid = {AAE485B1-8AB2-48D2-84ED-800BDC5F4937}
	EndGlobalSection
EndGlobal
