
Microsoft Visual Studio Solution File, Format Version 12.00
# Visual Studio 15
VisualStudioVersion = 15.0.28307.1321
MinimumVisualStudioVersion = 10.0.40219.1
Project("{8BC9CEB8-8B4A-11D0-8D11-00A0C91BC942}") = "SearchKey", "SearchKey\SearchKey.vcxproj", "{69A3B657-3799-4FE9-9D9F-C100F1FBD690}"
EndProject
Project("{8BC9CEB8-8B4A-11D0-8D11-00A0C91BC942}") = "Test", "Test\Test.vcxproj", "{B8C9929E-34BB-4EBB-A8A3-A1F70C84D00A}"
EndProject
Global
	GlobalSection(SolutionConfigurationPlatforms) = preSolution
		Debug|x64 = Debug|x64
		Debug|x86 = Debug|x86
		Release|x64 = Release|x64
		Release|x86 = Release|x86
	EndGlobalSection
	GlobalSection(ProjectConfigurationPlatforms) = postSolution
		{69A3B657-3799-4FE9-9D9F-C100F1FBD690}.Debug|x64.ActiveCfg = Debug|x64
		{69A3B657-3799-4FE9-9D9F-C100F1FBD690}.Debug|x64.Build.0 = Debug|x64
		{69A3B657-3799-4FE9-9D9F-C100F1FBD690}.Debug|x86.ActiveCfg = Debug|Win32
		{69A3B657-3799-4FE9-9D9F-C100F1FBD690}.Debug|x86.Build.0 = Debug|Win32
		{69A3B657-3799-4FE9-9D9F-C100F1FBD690}.Release|x64.ActiveCfg = Release|x64
		{69A3B657-3799-4FE9-9D9F-C100F1FBD690}.Release|x64.Build.0 = Release|x64
		{69A3B657-3799-4FE9-9D9F-C100F1FBD690}.Release|x86.ActiveCfg = Release|Win32
		{69A3B657-3799-4FE9-9D9F-C100F1FBD690}.Release|x86.Build.0 = Release|Win32
		{B8C9929E-34BB-4EBB-A8A3-A1F70C84D00A}.Debug|x64.ActiveCfg = Debug|x64
		{B8C9929E-34BB-4EBB-A8A3-A1F70C84D00A}.Debug|x64.Build.0 = Debug|x64
		{B8C9929E-34BB-4EBB-A8A3-A1F70C84D00A}.Debug|x86.ActiveCfg = Debug|Win32
		{B8C9929E-34BB-4EBB-A8A3-A1F70C84D00A}.Debug|x86.Build.0 = Debug|Win32
		{B8C9929E-34BB-4EBB-A8A3-A1F70C84D00A}.Release|x64.ActiveCfg = Release|x64
		{B8C9929E-34BB-4EBB-A8A3-A1F70C84D00A}.Release|x64.Build.0 = Release|x64
		{B8C9929E-34BB-4EBB-A8A3-A1F70C84D00A}.Release|x86.ActiveCfg = Release|Win32
		{B8C9929E-34BB-4EBB-A8A3-A1F70C84D00A}.Release|x86.Build.0 = Release|Win32
	EndGlobalSection
	GlobalSection(SolutionProperties) = preSolution
		HideSolutionNode = FALSE
	EndGlobalSection
	GlobalSection(ExtensibilityGlobals) = postSolution
		SolutionGuid = {37ED41BF-58D4-4754-8098-59CB41B44ED8}
	EndGlobalSection
EndGlobal
