
Microsoft Visual Studio Solution File, Format Version 12.00
# Visual Studio 15
VisualStudioVersion = 15.0.28307.1267
MinimumVisualStudioVersion = 10.0.40219.1
Project("{8BC9CEB8-8B4A-11D0-8D11-00A0C91BC942}") = "SearchText", "SearchText\SearchText.vcxproj", "{1089312D-0F6C-4D21-A0D6-EE3EE46F4CDD}"
EndProject
Project("{8BC9CEB8-8B4A-11D0-8D11-00A0C91BC942}") = "TestProject", "TestProject\TestProject.vcxproj", "{E06C3DA1-3E69-485F-8117-94E5FBEC701C}"
EndProject
Project("{8BC9CEB8-8B4A-11D0-8D11-00A0C91BC942}") = "Instruction", "Instruction\Instruction.vcxproj", "{81602ECE-9455-4106-91AB-53287845C559}"
EndProject
Global
	GlobalSection(SolutionConfigurationPlatforms) = preSolution
		Debug|x64 = Debug|x64
		Debug|x86 = Debug|x86
		Release|x64 = Release|x64
		Release|x86 = Release|x86
	EndGlobalSection
	GlobalSection(ProjectConfigurationPlatforms) = postSolution
		{1089312D-0F6C-4D21-A0D6-EE3EE46F4CDD}.Debug|x64.ActiveCfg = Debug|x64
		{1089312D-0F6C-4D21-A0D6-EE3EE46F4CDD}.Debug|x64.Build.0 = Debug|x64
		{1089312D-0F6C-4D21-A0D6-EE3EE46F4CDD}.Debug|x86.ActiveCfg = Debug|Win32
		{1089312D-0F6C-4D21-A0D6-EE3EE46F4CDD}.Debug|x86.Build.0 = Debug|Win32
		{1089312D-0F6C-4D21-A0D6-EE3EE46F4CDD}.Release|x64.ActiveCfg = Release|x64
		{1089312D-0F6C-4D21-A0D6-EE3EE46F4CDD}.Release|x64.Build.0 = Release|x64
		{1089312D-0F6C-4D21-A0D6-EE3EE46F4CDD}.Release|x86.ActiveCfg = Release|Win32
		{1089312D-0F6C-4D21-A0D6-EE3EE46F4CDD}.Release|x86.Build.0 = Release|Win32
		{E06C3DA1-3E69-485F-8117-94E5FBEC701C}.Debug|x64.ActiveCfg = Debug|x64
		{E06C3DA1-3E69-485F-8117-94E5FBEC701C}.Debug|x64.Build.0 = Debug|x64
		{E06C3DA1-3E69-485F-8117-94E5FBEC701C}.Debug|x86.ActiveCfg = Debug|Win32
		{E06C3DA1-3E69-485F-8117-94E5FBEC701C}.Debug|x86.Build.0 = Debug|Win32
		{E06C3DA1-3E69-485F-8117-94E5FBEC701C}.Release|x64.ActiveCfg = Release|x64
		{E06C3DA1-3E69-485F-8117-94E5FBEC701C}.Release|x64.Build.0 = Release|x64
		{E06C3DA1-3E69-485F-8117-94E5FBEC701C}.Release|x86.ActiveCfg = Release|Win32
		{E06C3DA1-3E69-485F-8117-94E5FBEC701C}.Release|x86.Build.0 = Release|Win32
		{81602ECE-9455-4106-91AB-53287845C559}.Debug|x64.ActiveCfg = Debug|x64
		{81602ECE-9455-4106-91AB-53287845C559}.Debug|x64.Build.0 = Debug|x64
		{81602ECE-9455-4106-91AB-53287845C559}.Debug|x86.ActiveCfg = Debug|Win32
		{81602ECE-9455-4106-91AB-53287845C559}.Debug|x86.Build.0 = Debug|Win32
		{81602ECE-9455-4106-91AB-53287845C559}.Release|x64.ActiveCfg = Release|x64
		{81602ECE-9455-4106-91AB-53287845C559}.Release|x64.Build.0 = Release|x64
		{81602ECE-9455-4106-91AB-53287845C559}.Release|x86.ActiveCfg = Release|Win32
		{81602ECE-9455-4106-91AB-53287845C559}.Release|x86.Build.0 = Release|Win32
	EndGlobalSection
	GlobalSection(SolutionProperties) = preSolution
		HideSolutionNode = FALSE
	EndGlobalSection
	GlobalSection(ExtensibilityGlobals) = postSolution
		SolutionGuid = {F3AB90DE-9EF2-4BA3-BC0F-7C7B0923F8F1}
	EndGlobalSection
EndGlobal
